
Microsoft Visual Studio Solution File, Format Version 12.00
# Visual Studio Version 17
VisualStudioVersion = 17.7.34221.43
MinimumVisualStudioVersion = 10.0.40219.1
Project("{FAE04EC0-301F-11D3-BF4B-00C04F79EFBC}") = "Anoora Atooz", "Anoora Atooz\Anoora Atooz.csproj", "{72A1AEA7-7E41-4408-A032-318AA58DA1AA}"
EndProject
Global
	GlobalSection(SolutionConfigurationPlatforms) = preSolution
		Debug|Any CPU = Debug|Any CPU
		Release|Any CPU = Release|Any CPU
	EndGlobalSection
	GlobalSection(ProjectConfigurationPlatforms) = postSolution
		{72A1AEA7-7E41-4408-A032-318AA58DA1AA}.Debug|Any CPU.ActiveCfg = Debug|Any CPU
		{72A1AEA7-7E41-4408-A032-318AA58DA1AA}.Debug|Any CPU.Build.0 = Debug|Any CPU
		{72A1AEA7-7E41-4408-A032-318AA58DA1AA}.Release|Any CPU.ActiveCfg = Release|Any CPU
		{72A1AEA7-7E41-4408-A032-318AA58DA1AA}.Release|Any CPU.Build.0 = Release|Any CPU
	EndGlobalSection
	GlobalSection(SolutionProperties) = preSolution
		HideSolutionNode = FALSE
	EndGlobalSection
	GlobalSection(ExtensibilityGlobals) = postSolution
		SolutionGuid = {CF02D27C-103B-4420-8BCF-5D8AA6553BE8}
	EndGlobalSection
EndGlobal
